# This file was autogenerated by uv via the following command:
#    uv pip compile --generate-hashes --universal --python-version 3.11 --output-file tools/ocr-export/requirements.lock tools/ocr-export/requirements.in
--index-url https://pypi.org/simple
--only-binary :all:

anyio==4.14.2 \
    --hash=sha256:9f505dda5ac9f0c8309b5e8bd445a8c2bf7246f3ce950121e45ea15bc41d1494 \
    --hash=sha256:cfa139f3ed1a23ee8f88a145ddb5ac7605b8bbfd8592baacd7ce3d8bb4313c7f
    # via httpx
astor==0.8.1 \
    --hash=sha256:070a54e890cefb5b3739d19f30f5a5ec840ffc9c50ffa7d23cc9fc1a38ebbfc5 \
    --hash=sha256:6a6effda93f4e1ce9f618779b2dd1d9d84f1e32812c23a29b3fff6fd7f63fa5e
    # via paddlepaddle
certifi==2026.7.22 \
    --hash=sha256:62f22742b58a1a33014a2b6b706588a8d7e2a88ae7bd1a6ebe8c992928483775 \
    --hash=sha256:741e2c3b351ddf169a738da9f2c048608ff7f2c5cc02f1ebc6b118bb090d5d55
    # via
    #   httpcore
    #   httpx
coloredlogs==15.0.1 \
    --hash=sha256:612ee75c546f53e92e70049c9dbfcc18c935a2b9a53b66085ce9ef6a6e5c0934 \
    --hash=sha256:7c991aa71a4577af2f82600d8f8f3a89f936baeaf9b50a9c197da014e5bf16b0
    # via onnxruntime
decorator==5.3.1 \
    --hash=sha256:4cbcdd55a6efadb9dbea26b858f4fb3264567b52d69ca0d25b721b553f60ea82 \
    --hash=sha256:f47fe6fdbd2edd623ecfe36875d37aba411624e2670dd395dddae1358689bb3c
    # via paddlepaddle
flatbuffers==25.12.19 \
    --hash=sha256:7634f50c427838bb021c2d66a3d1168e9d199b0607e6329399f04846d42e20b4
    # via onnxruntime
h11==0.16.0 \
    --hash=sha256:4e35b956cf45792e4caa5885e69fba00bdbc6ffafbfa020300e549b208ee5ff1 \
    --hash=sha256:63cf8bbe7522de3bf65932fda1d9c2772064ffb3dae62d55932da54b31cb6c86
    # via httpcore
httpcore==1.0.9 \
    --hash=sha256:2d400746a40668fc9dec9810239072b40b4484b640a8c38fd654a024c7a1bf55 \
    --hash=sha256:6e34463af53fd2ab5d807f399a9b45ea31c3dfa2276f15a2c3f00afff6e176e8
    # via httpx
httpx==0.28.1 \
    --hash=sha256:75e98c5f16b0f35b567856f597f06ff2270a374470a5c2392242528e3e3e42fc \
    --hash=sha256:d909fcccc110f8c7faf814ca82a9a4d816bc5a6dbfea25d6591d6985b8ba59ad
    # via paddlepaddle
humanfriendly==10.0 \
    --hash=sha256:1697e1a8a8f550fd43c2865cd84542fc175a61dcb779b6fee18cf6b6ccba1477 \
    --hash=sha256:6b0b831ce8f15f7300721aa49829fc4e83921a9a301cc7f606be6686a2288ddc
    # via coloredlogs
idna==3.18 \
    --hash=sha256:7f952cbe720b688055e3f87de14f5c3e5fdaa8bc3928985c4077ca689de849a2 \
    --hash=sha256:ffb385a7e039654cef1ab9ef32c6fafe283c0c0467bba1d9029738ce4a14a848
    # via
    #   anyio
    #   httpx
mpmath==1.3.0 \
    --hash=sha256:7a28eb2a9774d00c7bc92411c19a89209d5da7c4c9a9e227be8330a23a25b91f \
    --hash=sha256:a0b2b9fe80bbcd81a6647ff13108738cfb482d481d826cc0e02f5b35e5c88d2c
    # via sympy
networkx==3.6.1 \
    --hash=sha256:26b7c357accc0c8cde558ad486283728b65b6a95d85ee1cd66bafab4c8168509 \
    --hash=sha256:d47fbf302e7d9cbbb9e2555a0d267983d2aa476bac30e90dfbe5669bd57f3762
    # via paddlepaddle
numpy==2.1.3 \
    --hash=sha256:016d0f6f5e77b0f0d45d77387ffa4bb89816b57c835580c3ce8e099ef830befe \
    --hash=sha256:02135ade8b8a84011cbb67dc44e07c58f28575cf9ecf8ab304e51c05528c19f0 \
    --hash=sha256:08788d27a5fd867a663f6fc753fd7c3ad7e92747efc73c53bca2f19f8bc06f48 \
    --hash=sha256:0d30c543f02e84e92c4b1f415b7c6b5326cbe45ee7882b6b77db7195fb971e3a \
    --hash=sha256:0fa14563cc46422e99daef53d725d0c326e99e468a9320a240affffe87852564 \
    --hash=sha256:13138eadd4f4da03074851a698ffa7e405f41a0845a6b1ad135b81596e4e9958 \
    --hash=sha256:14e253bd43fc6b37af4921b10f6add6925878a42a0c5fe83daee390bca80bc17 \
    --hash=sha256:15cb89f39fa6d0bdfb600ea24b250e5f1a3df23f901f51c8debaa6a5d122b2f0 \
    --hash=sha256:17ee83a1f4fef3c94d16dc1802b998668b5419362c8a4f4e8a491de1b41cc3ee \
    --hash=sha256:2312b2aa89e1f43ecea6da6ea9a810d06aae08321609d8dc0d0eda6d946a541b \
    --hash=sha256:2564fbdf2b99b3f815f2107c1bbc93e2de8ee655a69c261363a1172a79a257d4 \
    --hash=sha256:3522b0dfe983a575e6a9ab3a4a4dfe156c3e428468ff08ce582b9bb6bd1d71d4 \
    --hash=sha256:4394bc0dbd074b7f9b52024832d16e019decebf86caf909d94f6b3f77a8ee3b6 \
    --hash=sha256:45966d859916ad02b779706bb43b954281db43e185015df6eb3323120188f9e4 \
    --hash=sha256:4d1167c53b93f1f5d8a139a742b3c6f4d429b54e74e6b57d0eff40045187b15d \
    --hash=sha256:4f2015dfe437dfebbfce7c85c7b53d81ba49e71ba7eadbf1df40c915af75979f \
    --hash=sha256:50ca6aba6e163363f132b5c101ba078b8cbd3fa92c7865fd7d4d62d9779ac29f \
    --hash=sha256:50d18c4358a0a8a53f12a8ba9d772ab2d460321e6a93d6064fc22443d189853f \
    --hash=sha256:5641516794ca9e5f8a4d17bb45446998c6554704d888f86df9b200e66bdcce56 \
    --hash=sha256:576a1c1d25e9e02ed7fa5477f30a127fe56debd53b8d2c89d5578f9857d03ca9 \
    --hash=sha256:6a4825252fcc430a182ac4dee5a505053d262c807f8a924603d411f6718b88fd \
    --hash=sha256:72dcc4a35a8515d83e76b58fdf8113a5c969ccd505c8a946759b24e3182d1f23 \
    --hash=sha256:747641635d3d44bcb380d950679462fae44f54b131be347d5ec2bce47d3df9ed \
    --hash=sha256:762479be47a4863e261a840e8e01608d124ee1361e48b96916f38b119cfda04a \
    --hash=sha256:78574ac2d1a4a02421f25da9559850d59457bac82f2b8d7a44fe83a64f770098 \
    --hash=sha256:825656d0743699c529c5943554d223c021ff0494ff1442152ce887ef4f7561a1 \
    --hash=sha256:8637dcd2caa676e475503d1f8fdb327bc495554e10838019651b76d17b98e512 \
    --hash=sha256:96fe52fcdb9345b7cd82ecd34547fca4321f7656d500eca497eb7ea5a926692f \
    --hash=sha256:973faafebaae4c0aaa1a1ca1ce02434554d67e628b8d805e61f874b84e136b09 \
    --hash=sha256:996bb9399059c5b82f76b53ff8bb686069c05acc94656bb259b1d63d04a9506f \
    --hash=sha256:a38c19106902bb19351b83802531fea19dee18e5b37b36454f27f11ff956f7fc \
    --hash=sha256:a6b46587b14b888e95e4a24d7b13ae91fa22386c199ee7b418f449032b2fa3b8 \
    --hash=sha256:a9f7f672a3388133335589cfca93ed468509cb7b93ba3105fce780d04a6576a0 \
    --hash=sha256:aa08e04e08aaf974d4458def539dece0d28146d866a39da5639596f4921fd761 \
    --hash=sha256:b0df3635b9c8ef48bd3be5f862cf71b0a4716fa0e702155c45067c6b711ddcef \
    --hash=sha256:b47fbb433d3260adcd51eb54f92a2ffbc90a4595f8970ee00e064c644ac788f5 \
    --hash=sha256:baed7e8d7481bfe0874b566850cb0b85243e982388b7b23348c6db2ee2b2ae8e \
    --hash=sha256:bc6f24b3d1ecc1eebfbf5d6051faa49af40b03be1aaa781ebdadcbc090b4539b \
    --hash=sha256:c006b607a865b07cd981ccb218a04fc86b600411d83d6fc261357f1c0966755d \
    --hash=sha256:c181ba05ce8299c7aa3125c27b9c2167bca4a4445b7ce73d5febc411ca692e43 \
    --hash=sha256:c7662f0e3673fe4e832fe07b65c50342ea27d989f92c80355658c7f888fcc83c \
    --hash=sha256:c80e4a09b3d95b4e1cac08643f1152fa71a0a821a2d4277334c88d54b2219a41 \
    --hash=sha256:c894b4305373b9c5576d7a12b473702afdf48ce5369c074ba304cc5ad8730dff \
    --hash=sha256:d7aac50327da5d208db2eec22eb11e491e3fe13d22653dce51b0f4109101b408 \
    --hash=sha256:d89dd2b6da69c4fff5e39c28a382199ddedc3a5be5390115608345dec660b9e2 \
    --hash=sha256:d9beb777a78c331580705326d2367488d5bc473b49a9bc3036c154832520aca9 \
    --hash=sha256:dc258a761a16daa791081d026f0ed4399b582712e6fc887a95af09df10c5ca57 \
    --hash=sha256:e14e26956e6f1696070788252dcdff11b4aca4c3e8bd166e0df1bb8f315a67cb \
    --hash=sha256:e6988e90fcf617da2b5c78902fe8e668361b43b4fe26dbf2d7b0f8034d4cafb9 \
    --hash=sha256:e711e02f49e176a01d0349d82cb5f05ba4db7d5e7e0defd026328e5cfb3226d3 \
    --hash=sha256:ea4dedd6e394a9c180b33c2c872b92f7ce0f8e7ad93e9585312b0c5a04777a4a \
    --hash=sha256:ecc76a9ba2911d8d37ac01de72834d8849e55473457558e12995f4cd53e778e0 \
    --hash=sha256:f55ba01150f52b1027829b50d70ef1dafd9821ea82905b63936668403c3b471e \
    --hash=sha256:f653490b33e9c3a4c1c01d41bc2aef08f9475af51146e4a7710c450cf9761598 \
    --hash=sha256:fa2d1337dc61c8dc417fbccf20f6d1e139896a30721b7f1e832b2bb6ef4eb6c4
    # via
    #   -r tools/ocr-export/requirements.in
    #   onnx
    #   onnxruntime
    #   opt-einsum
    #   paddlepaddle
onnx==1.17.0 \
    --hash=sha256:0141c2ce806c474b667b7e4499164227ef594584da432fd5613ec17c1855e311 \
    --hash=sha256:081ec43a8b950171767d99075b6b92553901fa429d4bc5eb3ad66b36ef5dbe3a \
    --hash=sha256:0e906e6a83437de05f8139ea7eaf366bf287f44ae5cc44b2850a30e296421f2f \
    --hash=sha256:23b8d56a9df492cdba0eb07b60beea027d32ff5e4e5fe271804eda635bed384f \
    --hash=sha256:317870fca3349d19325a4b7d1b5628f6de3811e9710b1e3665c68b073d0e68d7 \
    --hash=sha256:3193a3672fc60f1a18c0f4c93ac81b761bc72fd8a6c2035fa79ff5969f07713e \
    --hash=sha256:38b5df0eb22012198cdcee527cc5f917f09cce1f88a69248aaca22bd78a7f023 \
    --hash=sha256:3d955ba2939878a520a97614bcf2e79c1df71b29203e8ced478fa78c9a9c63c2 \
    --hash=sha256:3e19fd064b297f7773b4c1150f9ce6213e6d7d041d7a9201c0d348041009cdcd \
    --hash=sha256:48ca1a91ff73c1d5e3ea2eef20ae5d0e709bb8a2355ed798ffc2169753013fd3 \
    --hash=sha256:4a183c6178be001bf398260e5ac2c927dc43e7746e8638d6c05c20e321f8c949 \
    --hash=sha256:4f3fb5cc4e2898ac5312a7dc03a65133dd2abf9a5e520e69afb880a7251ec97a \
    --hash=sha256:5ca7a0894a86d028d509cdcf99ed1864e19bfe5727b44322c11691d834a1c546 \
    --hash=sha256:659b8232d627a5460d74fd3c96947ae83db6d03f035ac633e20cd69cfa029227 \
    --hash=sha256:67e1c59034d89fff43b5301b6178222e54156eadd6ab4cd78ddc34b2f6274a66 \
    --hash=sha256:76884fe3e0258c911c749d7d09667fb173365fd27ee66fcedaf9fa039210fd13 \
    --hash=sha256:8167295f576055158a966161f8ef327cb491c06ede96cc23392be6022071b6ed \
    --hash=sha256:95c03e38671785036bb704c30cd2e150825f6ab4763df3a4f1d249da48525957 \
    --hash=sha256:d545335cb49d4d8c47cc803d3a805deb7ad5d9094dc67657d66e568610a36d7d \
    --hash=sha256:d6fc3a03fc0129b8b6ac03f03bc894431ffd77c7d79ec023d0afd667b4d35869 \
    --hash=sha256:dfd777d95c158437fda6b34758f0877d15b89cbe9ff45affbedc519b35345cf9 \
    --hash=sha256:e4673276b558b5b572b960b7f9ef9214dce9305673683eb289bb97a7df379a4b \
    --hash=sha256:ea5023a8dcdadbb23fd0ed0179ce64c1f6b05f5b5c34f2909b4e927589ebd0e4 \
    --hash=sha256:ecf2b617fd9a39b831abea2df795e17bac705992a35a98e1f0363f005c4a5247 \
    --hash=sha256:f01a4b63d4e1d8ec3e2f069e7b798b2955810aa434f7361f01bc8ca08d69cce4 \
    --hash=sha256:f0e437f8f2f0c36f629e9743d28cf266312baa90be6a899f405f78f2d4cb2e1d
    # via
    #   -r tools/ocr-export/requirements.in
    #   onnxoptimizer
    #   paddle2onnx
onnxoptimizer==0.3.13 ; python_full_version < '3.12' \
    --hash=sha256:019968dc02b37ab87588b67331f15719a9fcfc5de54de866dd7b02eaad68bdd5 \
    --hash=sha256:1949c259bc87a92680b1d4ee54813dc712a4328b4d4e140ec44c1739862baccc \
    --hash=sha256:2cfa79a41d2439c47e6675f19cc6bcd7dce5d5da492f9bcde71dc0eba739dea6 \
    --hash=sha256:2f985cfef0fa2b7cf9ae64a36ca8dacb3e1861e31fa41fb85645cdbd73ccab6a \
    --hash=sha256:3dc63c930db678d07cdd816618b6d990dadb572691c62576962c2aab995a0ba1 \
    --hash=sha256:542b43b13c3b1b7b72aae2579a2d75ef68dcf0513231bb1cb2b5f3c8af838d87 \
    --hash=sha256:82e606024a6dce999a8586d1f4b6af2ec454f7c5fd69807672a79067017a4812 \
    --hash=sha256:917363d773f6b517a6edb97b9d1d64cd49dc12ee507d9daef04a443d2d8889a5 \
    --hash=sha256:98716324135ac5505529423dbba5479273e6f46a0f895ac611a29ed8a6f79690 \
    --hash=sha256:9c0516d96da47875e9a36d0c9689e2d3e6f72950d98425ccfeba793b6ba4f55e \
    --hash=sha256:a65b2ff1d480f966f906fdc3731cd6a844762e0aae1876eeafb7586048d6be96 \
    --hash=sha256:ad02bd61d5731587bcecb4aef3ecde6d22fdb0a36c8a2fb6c9b78b6b3cf30e42 \
    --hash=sha256:dcd1c529cb3d285f1bc75480ebe198a43f6bcc84ad010386f6e2d7bcd3052501 \
    --hash=sha256:e08b726e0d4577e51e529f36bc324bf11b7cff12852cf3eee081f05c8b8c6f33 \
    --hash=sha256:e3a08e7d3077830bbc99009442230547cae2e9f74682b4fffa42036b88ac49ea \
    --hash=sha256:f34db9dc55a682d3e5e60f5e6ff62101410620d2b70bef41f6158481a9a0b5ec \
    --hash=sha256:f6a93aa863e23e040b23822b783b5d9bc1bf3a2153909bcc68dd9cd61c824798 \
    --hash=sha256:f809f7ba336e6569e699b4e6741042ef71e8db30bb60a3380faae87c59d6118f \
    --hash=sha256:f97f454cc2602095e341219f5c1b828d1588351251e4a4108017fd132ac5590c \
    --hash=sha256:feb5fb749cb9b12602fef7bae034aaf9a36baa05d068fb3d991bbb758c0508bb
    # via paddle2onnx
onnxruntime==1.22.0 \
    --hash=sha256:03d3ef7fb11adf154149d6e767e21057e0e577b947dd3f66190b212528e1db31 \
    --hash=sha256:0a2ac5bd9205d831541db4e508e586e764a74f14efdd3f89af7fd20e1bf4a1ed \
    --hash=sha256:20bca6495d06925631e201f2b257cc37086752e8fe7b6c83a67c6509f4759bc9 \
    --hash=sha256:468c9502a12f6f49ec335c2febd22fdceecc1e4cc96dfc27e419ba237dff5aff \
    --hash=sha256:5a31d84ef82b4b05d794a4ce8ba37b0d9deb768fd580e36e17b39e0b4840253b \
    --hash=sha256:64845709f9e8a2809e8e009bc4c8f73b788cee9c6619b7d9930344eae4c9cd36 \
    --hash=sha256:681fe356d853630a898ee05f01ddb95728c9a168c9460e8361d0a240c9b7cb97 \
    --hash=sha256:6964a975731afc19dc3418fad8d4e08c48920144ff590149429a5ebe0d15fb3c \
    --hash=sha256:6a6bbed10bc5e770c04d422893d3045b81acbbadc9fb759a2cd1ca00993da919 \
    --hash=sha256:85d8826cc8054e4d6bf07f779dc742a363c39094015bdad6a08b3c18cfe0ba8c \
    --hash=sha256:8d6725c5b9a681d8fe72f2960c191a96c256367887d076b08466f52b4e0991df \
    --hash=sha256:9fe45ee3e756300fccfd8d61b91129a121d3d80e9d38e01f03ff1295badc32b8 \
    --hash=sha256:b978aa63a9a22095479c38371a9b359d4c15173cbb164eaad5f2cd27d666aa65 \
    --hash=sha256:c0d534a43d1264d1273c2d4f00a5a588fa98d21117a3345b7104fa0bbcaadb9a \
    --hash=sha256:c8601128eaef79b636152aea76ae6981b7c9fc81a618f584c15d78d42b310f1c \
    --hash=sha256:f3c0380f53c1e72a41b3f4d6af2ccc01df2c17844072233442c3a7e74851ab97 \
    --hash=sha256:fe7c051236aae16d8e2e9ffbfc1e115a0cc2450e873a9c4cb75c0cc96c1dae07 \
    --hash=sha256:fef17d665a917866d1f68f09edc98223b9a27e6cb167dec69da4c66484ad12fd
    # via -r tools/ocr-export/requirements.in
opt-einsum==3.3.0 \
    --hash=sha256:2455e59e3947d3c275477df7f5205b30635e266fe6dc300e3d9f9646bfcea147 \
    --hash=sha256:59f6475f77bbc37dcf7cd748519c0ec60722e91e63ca114e68821c0c54a46549
    # via paddlepaddle
packaging==26.2 \
    --hash=sha256:5fc45236b9446107ff2415ce77c807cee2862cb6fac22b8a73826d0693b0980e \
    --hash=sha256:ff452ff5a3e828ce110190feff1178bb1f2ea2281fa2075aadb987c2fb221661
    # via onnxruntime
paddle2onnx==2.1.0 \
    --hash=sha256:0c45e24ff9174f2e74d01e93cbcca98fa84c5030499f87f333d3d4d6452b3b08 \
    --hash=sha256:141eca67a2f2af4033a4b26e746e0c987ea4d4468bd102802cd408cc28fe17ad \
    --hash=sha256:1619149ca27dd1dc282f7497ef152c96a36738a9ee9f88ecac2e20203ab9b39a \
    --hash=sha256:1f412901114faf76ab715bf948f9b44dd1fdebb39657ccb8cdfc381d2d7ca641 \
    --hash=sha256:25ae5c20210166a1692acd5414fc9f50307f45bdd0a4aee2fb755ca08bda27b3 \
    --hash=sha256:289c56d041ee51b9e70d42b0262d4cf93d931ad8c8bc23441c25881f78d18786 \
    --hash=sha256:2b205945d058cbb3cb2e322408bf279f8e746aaeb85b51c0f3e461708af40686 \
    --hash=sha256:2d69e0d1bd96a8d80452dfd7fda9e8869ff37f333c0a504530983baf5f221b21 \
    --hash=sha256:327ba7b5e0174054e315ed8f5983755000ff5e56844b6f394d55a5156b11e158 \
    --hash=sha256:478993e17ed0212b79a4d6e2d8d0582ebb19c7230b7f365d51222833e98581b3 \
    --hash=sha256:53c52eb28ce7785459dfd75ea930d0e4a316982384ca65b950ace1075648252f \
    --hash=sha256:55fe0b6eba1227b3a9b362a0881f60a3fedb4c6251c3de7d42f0113ab26bbbf9 \
    --hash=sha256:792474f6fe612116a850e7f0f33d162d90f8c7a1cfa60e9bdf2cc6a80b1bda85 \
    --hash=sha256:7fef03d6c40bbe5e2ebc6e895b25b8860acd28803601195884e8ffec5ffa1109 \
    --hash=sha256:b00ae06bcd212264135399e1667e14bf21a5a195c0e4b429bb6ba6f8df9e04a8 \
    --hash=sha256:b21af246598deb3b0ee4b2b5c3c671816e0f29b3594c5b311cbe6e356dffca8c \
    --hash=sha256:c1c4e3e2996044ea4f67b8e3af90da08d86962aa411286532012c72f271bab5d \
    --hash=sha256:c744ec54b43f7b1050b1e1d9d429786e684950a62fc3b274efd2afcb00cde552 \
    --hash=sha256:f2f357001a935419ed4abc1463d78fa4606553e783793b9a8fe5876129d9d315 \
    --hash=sha256:f4ce08eb1be27553adbda65bff01c96713a5d2d0b1219062bf7c4107e971285f
    # via -r tools/ocr-export/requirements.in
paddlepaddle==3.0.0 \
    --hash=sha256:00bd606cdce5dbae2b9752afdc07479c5fab9df73efdf1bf577d187fd492f289 \
    --hash=sha256:157a3b11f0599175ea07759357d331be0031df3d462ba81b9c3c31fea9a57faf \
    --hash=sha256:215daf5c154855e9f4139844076853cabc86425fd127c390405895ae2b820d85 \
    --hash=sha256:220f8010c30cfd7712d0b0364e4732a344779ac202888ae1045e3567e24a6213 \
    --hash=sha256:2e1292d50f80a8577407008f7321f85c8309938c0c575927950aec3c45502c2a \
    --hash=sha256:394a942b7281a8eb87083f80a9592f31b8aec1a360464e536c1d955d3e6e0bb4 \
    --hash=sha256:3ef99688f4d5113dcf0e026a0b225efa77975da04e8ca1d0666ebdb729d4a409 \
    --hash=sha256:414ae8b44259bc363f3e120ef917390f98a53bc57cc38de27d04f5f1e043aae1 \
    --hash=sha256:4b078cee4f6da995e4d2b1c46d1d94545f31a487b02ec1c61cfbb9e7d6d082f2 \
    --hash=sha256:52c401ffe4aae56316660a33015a6fd755cda23d3d70a28b13b73d70cbdbb8cb \
    --hash=sha256:5a98145ff8e554c6a85fe233ff5a6480def4b6b6390ee12436f028c819b4c36f \
    --hash=sha256:68efccd9b64233243e48d89a20d34904e2827abc3458c7dddb9e97ef8e2209f6 \
    --hash=sha256:69321d2fed61f9c4b502843d213af0919e058f8399c3fb7da4b90ff9f9e8544d \
    --hash=sha256:73b1349d91a85dae81e23aee0faf1d04f244e26c688c23e387a504437066829a \
    --hash=sha256:7a8a3de6238d7588224353d7412d1869772fa88d0cc0119cb7c921bee9b1869c \
    --hash=sha256:81a7c5b10150b07521d1cd1491dca1fb76ff621b14db10e899d959f3a77935ea \
    --hash=sha256:8677e8d42ff66f74fbca32ff32d8b64bbe3d56ed29a92d43dc418f0f168fcb69 \
    --hash=sha256:8fc4865efd3656ee99424124792cb88a642151b4d591a7d6d4a5c6afdae95959 \
    --hash=sha256:92d5398b7c6fd92d31b5cacb81dd1196c87a3bc7ee5021325df914c8187d03c2 \
    --hash=sha256:93a21b03a960515e1431bfe5f404060e2ce8c82c63d885600e0b45b775f2d081 \
    --hash=sha256:9d1051f2e208da1d439daee7c861bcb50240f09712496eb61e9ce8c618faf2f9 \
    --hash=sha256:9fe8544bce8d034da5cdab1417782c7d53e1bef97533bcef5710dfdb59e87ca5 \
    --hash=sha256:bbc4d573b35d24a262e02d72696e80f5b4aee41f698671af9574deeb1a83e6f7 \
    --hash=sha256:cb4a98192079cde5b5dac1109d334c12b376b97edc8682490b5f5065c8f708d9 \
    --hash=sha256:cfd73da79e2eb9325bac4a3a1a7995063c7662dde724bf452659dda88e55b76f \
    --hash=sha256:dcfebfb10deb15aa33d2a2d66d5a12d9de65461d8a40d2687e2fb3221150d0ba \
    --hash=sha256:ddaa996a8b0a00dbe4269da21d65052877ec3693a22ecc07b9cada3ecd116886 \
    --hash=sha256:ea8841cdbea7f26dbe548d3b129dd9764f36a4338656c9b5257cac43b382a674 \
    --hash=sha256:f68630572edc4eb76ab6bbbe57689cb08b961f0d08bc0fc8c969d79b4bc213e9 \
    --hash=sha256:f69b4ec5ec881e632bf80d8d2a0ca74f87925335dc57b14bb8971e72e2d87951
    # via -r tools/ocr-export/requirements.in
pillow==12.3.0 \
    --hash=sha256:00808c5e14ef63ac5161091d242999076604ff74b883423a11e5d7bbb38bf756 \
    --hash=sha256:04f01d28a6aaff387bf842a13be313df23ba0597a44f1a976c9feb3c6ff4711a \
    --hash=sha256:06ff022112bc9cbf83b60f8e028d94ad87b60621706487e65f673de61610ab59 \
    --hash=sha256:0740a512dc522224c77d9aa5a8d70d8b7d73fb91f2c21125d8d025d3b8990e45 \
    --hash=sha256:0847a763afefb695bc912d7c131e7e0632d4edc1d8698f58ddabec8e46b8b6d3 \
    --hash=sha256:0dd2064cbc55aaec028ef5fbb60fa47bb6c3e7918e07ff17935284b227a9d2df \
    --hash=sha256:0feb2e9d6ad6c9e3c06effe9d00f3f1e618a6643273576b016f591e9315a7139 \
    --hash=sha256:10e41f0fbf1eec8cfd234b8fe17a4caac7c9d0db4c204d3c173a8f9f6ef3232b \
    --hash=sha256:1182d52bc2d5e5d7d0949503aa7e36d12f42205dc287e4883f407b1988820d39 \
    --hash=sha256:164b31cd1a0490ab6efae01aa5df49da7061be0af1b30e035b6e9a1bfe34ee6e \
    --hash=sha256:1657923d2d45afb66526e5b933e5b3052e6bdea196c90d3abb2424e18c77dae8 \
    --hash=sha256:186941b6aef820ad110fb01fb06eb925374dc3a21b17e37ec9a53b250c6fe2d1 \
    --hash=sha256:1cca606cd25738df4ed873d5ad46bbdb3d83b5cbca291f6b4ff13a4df6b0bbe8 \
    --hash=sha256:21900ce7ba264168cd50defae43cd75d25c833ad4ad6e73ffc5596d12e25ac89 \
    --hash=sha256:236ff70b9312fb68943c703aa842ca6a758abfa45ac187a5e7c1452e96ef72b5 \
    --hash=sha256:23aceaa007d6172b02c277f0cd359c79492bbb14f7072b4ede9fbcaf20648130 \
    --hash=sha256:23d27a3e0307ec2244cc51e7287b919aa68d097504ebe19df4e76a98a3eea5bd \
    --hash=sha256:24870b09b224f7ae3c39ed07d10e819d06f8720bc551847b1d623832b5b0e28d \
    --hash=sha256:251bf95b67017e27b13d82f5b326234ca62d70f9cf4c2b9032de2358a3b12c7b \
    --hash=sha256:25b9b82bb22e6e2b3cd07b39c68b7b862001226cb3dff7130d1cb914121b39ed \
    --hash=sha256:28ce87c5ab450a9dd970b52e5aca5fe63ed432d18a2eaddd1979a00a1ba24ace \
    --hash=sha256:300557495eb45ebb8aec96c2da9c4be642fbf7cd937278b4013ba894ea8eb0eb \
    --hash=sha256:30f2aa603c41533cc25c05acd0da21636e84a315768feb631c937177db558931 \
    --hash=sha256:331b624368d4f1d069149002f25f44bc61c8919ce8ddb3c45bdad8f6e2d89510 \
    --hash=sha256:37d6d0a00072fd2948eb22bce7e1475f34569d90c87c59f7a2ec59541b77f7a6 \
    --hash=sha256:37dc8f7bbb66efe481bb60defacef820c950c24713fb44962ed6aa2a50966de1 \
    --hash=sha256:3b8182a766685eaa002637e28b4ec8d6b18819a0c71f579bf0dbaa5830297cce \
    --hash=sha256:3edce1d53195db527e0191f84b71d02022de0540bf43a16ed734ed7537b07385 \
    --hash=sha256:446c34dcc4324b084a53b705127dc15717b22c5e140ae0a3c38349d4efec071e \
    --hash=sha256:4998562bf62a445225f22e07c896bb04b35b1b1f2eb6d760584c9c51d7a5f78c \
    --hash=sha256:4b0a7fe987b14c31ebda6083f74f22b561fd3739bc0ac51e019622e3d72668c7 \
    --hash=sha256:4e8c2a84d977f50b9daed6eeaf3baef67d00d5d74d932288f02cb94518ee3ace \
    --hash=sha256:4f883547d4b7f0495ebe7056b0cc2aea76094e7a4abc8e933540f3271df27d9c \
    --hash=sha256:514435a37670e3e5e08f3945b68718b6ed329bb84367777e16f9f4dfe1e61a0f \
    --hash=sha256:53aa02d20d10c3d814d536aa4e5ac9b84ca0ff5a88377963b085ad6822f93e64 \
    --hash=sha256:5594fc43d548a7ed94949d139aa1341b270f1863f11cfd37f5a6c8b778a6b67f \
    --hash=sha256:571b9fcb07b97ef3a492028fb3d2dc0993ca23a06138b0315286566d29ef718a \
    --hash=sha256:57b3d78c95ba9059768b10e28b813002261d3f3dfc55cc48b0c988f625175827 \
    --hash=sha256:5afb51d599ea772b8365ae807ae557f18bccfe46ab261fd1c2a9ed700fc6eb17 \
    --hash=sha256:6b02afb9b97f65fbca5f31db6a2a3ba21aa93030225f150fa3f249717e938fb4 \
    --hash=sha256:6c0016e7b354317c4e9e525b937ac8596c38d2d232b419529b9cd7a1cd46e39a \
    --hash=sha256:71d6097b330eea8fd15097780c8e89cb1a8ce7838669f48c5bacd6f663dd4701 \
    --hash=sha256:756c768d0c9c2955feb7a56c37ea24aea2e369f8d36a88da270b6a9f19e62b5e \
    --hash=sha256:78cb2c6865a35ab8ff8b75fd122f6033b92a62c82801110e48ddd6c936a45d91 \
    --hash=sha256:7a743ff716f746fc19a9557f60dab1600d4613255f8a7aeb3cdde4db7eb15a66 \
    --hash=sha256:85f998ea1848bc6757289e739cfbdda3a04adfd58b02fc018ce54d754a5ce468 \
    --hash=sha256:8728f216dcdb6e6d555cf971cb34076139ad74b31fc2c14da4fafc741c5f6217 \
    --hash=sha256:877c3f311ff35410f690861c4409e7ccbf0cd2f878e50628a28e5a0bb689e658 \
    --hash=sha256:8cd2f7bdda092d99c9fc2fb7391354f306d01443d22785d0cbfafa2e2c8bb418 \
    --hash=sha256:8e95e1385e4998ae9694eeaa4730ba5457ff61185b3a55e2e7bea0880aef452a \
    --hash=sha256:962864dc93511324d51ddbb5b9f8731bf71675b93ca612a07441896f4688fb8c \
    --hash=sha256:9cf95fe4d0f84c82d282745d9bb08ad9f926efa00be4697e767b814ce40d4330 \
    --hash=sha256:9e881fca225083806662a5c43d627d215f258ff43c890f831966c7d7ba9c7402 \
    --hash=sha256:a2b55dd6b2a4c4b7d87ffa56bdb33fdc5fdb9a462173861a7bc097f17d91cb09 \
    --hash=sha256:a45650e8ce7fafffd731db8550230db6b0d306d181a90b67d3e6bca2f1990930 \
    --hash=sha256:a876864214e136f0eb367788dbd7df045f4806801518e2cfe9e13229cfe06d8f \
    --hash=sha256:ae26d61dfa7a47befdc7572b521024e8745f3d809bd95ca9505a7bba9ef849ec \
    --hash=sha256:af8d94b0db561cf68b88a267c5c44b49e134f525d0dc2cb7ed413a66bc23559a \
    --hash=sha256:b343699e8308bdc51978310e1c959c584e7869cc8c40780058c87da7781a1e94 \
    --hash=sha256:b3c777e849237620b022f7f297dd67705f9f5cf1685f09f02e46f93e92725468 \
    --hash=sha256:b629de27fda84b42cde7edef0d85f13b958b47f6e9bbcbba9b673c562a89bd8b \
    --hash=sha256:ba09209fbe443b4acccebe845d8a138b89a8f4fbaeedd44953490b5315d5e965 \
    --hash=sha256:ba54cfebe86920a559a7c4d6b9050791c20513650a1952ebe3368c7dc70306f8 \
    --hash=sha256:bcb46e2f9feff8d06323983bd83ed00c201fdcab3d74973e7072a889b3979fcd \
    --hash=sha256:bcc33feacfaefce60c12fd500a277533bdc02b10a19f7f6d348763d8140bbba7 \
    --hash=sha256:bf16ba1b4d0b6b7c8e534936632270cf70eb00dbe09005bc345b2677b726855c \
    --hash=sha256:cf1845d02ad822a369a49f2bb9345b1614744267682e7a03527dc3bf6eea1777 \
    --hash=sha256:d69141514cc30b774ceea5e3ed3a6635c8d8a96edf664689b890f4089111fb35 \
    --hash=sha256:d9c7f76c0673154f044e9d78c8655fb4213f6ca31a836df48b40fe5d187717b9 \
    --hash=sha256:dbce0b29841537a2fa4a214c2bbf14de3587c9680caa9b4e217568472490b28f \
    --hash=sha256:dc624f6bc473dacdf7ef7eb8678d0d08edf15cd94fad6ae5c7d6cc67a4e4902f \
    --hash=sha256:e158cb00350dc278f3b91551101aa7d12415a66ebf2c91d8d5ac14e56ddd3ad0 \
    --hash=sha256:e491916b378fba47242221bb9ead245211b70d504f495d105d17b14a24b4907c \
    --hash=sha256:e795b7eb908249c4e43c7c99fac7c2c75dab0c43566e37db472a355f63693d71 \
    --hash=sha256:e7e480451b9fa137494bccd3a7d69adbe8ac65a87d97be61e11f1b1050a5bac3 \
    --hash=sha256:e91206ee562682b51b98ef4b26a6ef48fd84e15fd4c4bc5ec768eb641d206838 \
    --hash=sha256:e9871b1ffbfa9656b60aeee92ed5136a5742696006fa322b29ea3d8da0ecc9cf \
    --hash=sha256:e9aeb04d6aef139de265b29683e119b638208f88cf73cdd1658aa07221165321 \
    --hash=sha256:ebaea975e03d3141d9d3a507df75c9b3ec90fa9d2ffd07567b3a978d9d790b26 \
    --hash=sha256:f0606c8bf2cdefea14a43530f7657cbbb7ecf1c4222512492ef4a4434a9501ec \
    --hash=sha256:f13c32a3abd6079a66d9526e18dad9b6d280384d49d7c54040cd57b6424041d9 \
    --hash=sha256:f7401aebd7f581d7f83a439d87d474999317ee099218e5ad25d125290990ba65 \
    --hash=sha256:fa4ecea169a355be7a3ade2c783e2ed12f0e40d2c5621cda8b3297faf7fbb9f5 \
    --hash=sha256:fbd139c8447d25dd750ab79ee274cc5e1fe80fc56340ab10b18a195e1b6eca3e \
    --hash=sha256:fdafc9cce40277e0f7a0feabce0ee50dd2fa1800f3b38015e51296b5e814048d \
    --hash=sha256:fe3cca2e4e8a592be0f269a1ca4835c25199d9f3ce815c8491048f785b0a0198 \
    --hash=sha256:ffd0c5368496f41b0944be820fcb7a838aa6e623d250b01acf2643939c3f99d7
    # via paddlepaddle
polygraphy==0.50.3 \
    --hash=sha256:0df1a2336db7e6e95b5e54094de307699593f092597ad9472d7ceceff4a8a46e
    # via paddle2onnx
protobuf==7.35.1 \
    --hash=sha256:11d6b0ec246892d85215b0a13ca6e0233cf5284b68f0ac02646427f4ff88a799 \
    --hash=sha256:230a75ddfc2de4806e56696ce9640c1cdfdb6543b7cfce98d42a4c0a0e7bdb87 \
    --hash=sha256:24f857477359a85c0c235261b8ba905fd51b2562f4a64ca1df5473f29850cbf6 \
    --hash=sha256:353652e4efd0bca5b5fc2656abf8307ef351f0cf938c9eba09f0e09c20a25c30 \
    --hash=sha256:4bc97768d8fe4ad6743c8a19403e314511ed9f6d13205b687e52421c023ac1b9 \
    --hash=sha256:74758715c53d7158fb76caf4f0cfdacc5329a4b1bb994f865d6cf302d413a1c4 \
    --hash=sha256:b73f9489a4b8b1c9cb1f8ed951c736392592edb24b9d6819f36d2e10b171d5b4 \
    --hash=sha256:ce115a26fe0c39a2c29973d914d327e516a6455464489fe3cd1e51a1b354f81a
    # via
    #   onnx
    #   onnxruntime
    #   paddlepaddle
pyreadline3==3.5.6 ; sys_platform == 'win32' \
    --hash=sha256:61e53218b99656091ddb077df9e71f25850e72e030b6183b39c9b7e6e4f4a9bf \
    --hash=sha256:8449b734232e42a5dcd74048e39b60db2839a4c38cf3ae2bf7707d58b5389c0d
    # via humanfriendly
pyyaml==6.0.2 \
    --hash=sha256:01179a4a8559ab5de078078f37e5c1a30d76bb88519906844fd7bdea1b7729ff \
    --hash=sha256:0833f8694549e586547b576dcfaba4a6b55b9e96098b36cdc7ebefe667dfed48 \
    --hash=sha256:0a9a2848a5b7feac301353437eb7d5957887edbf81d56e903999a75a3d743086 \
    --hash=sha256:0b69e4ce7a131fe56b7e4d770c67429700908fc0752af059838b1cfb41960e4e \
    --hash=sha256:0ffe8360bab4910ef1b9e87fb812d8bc0a308b0d0eef8c8f44e0254ab3b07133 \
    --hash=sha256:11d8f3dd2b9c1207dcaf2ee0bbbfd5991f571186ec9cc78427ba5bd32afae4b5 \
    --hash=sha256:17e311b6c678207928d649faa7cb0d7b4c26a0ba73d41e99c4fff6b6c3276484 \
    --hash=sha256:1e2120ef853f59c7419231f3bf4e7021f1b936f6ebd222406c3b60212205d2ee \
    --hash=sha256:1f71ea527786de97d1a0cc0eacd1defc0985dcf6b3f17bb77dcfc8c34bec4dc5 \
    --hash=sha256:23502f431948090f597378482b4812b0caae32c22213aecf3b55325e049a6c68 \
    --hash=sha256:24471b829b3bf607e04e88d79542a9d48bb037c2267d7927a874e6c205ca7e9a \
    --hash=sha256:29717114e51c84ddfba879543fb232a6ed60086602313ca38cce623c1d62cfbf \
    --hash=sha256:2e99c6826ffa974fe6e27cdb5ed0021786b03fc98e5ee3c5bfe1fd5015f42b99 \
    --hash=sha256:39693e1f8320ae4f43943590b49779ffb98acb81f788220ea932a6b6c51004d8 \
    --hash=sha256:3ad2a3decf9aaba3d29c8f537ac4b243e36bef957511b4766cb0057d32b0be85 \
    --hash=sha256:3b1fdb9dc17f5a7677423d508ab4f243a726dea51fa5e70992e59a7411c89d19 \
    --hash=sha256:41e4e3953a79407c794916fa277a82531dd93aad34e29c2a514c2c0c5fe971cc \
    --hash=sha256:43fa96a3ca0d6b1812e01ced1044a003533c47f6ee8aca31724f78e93ccc089a \
    --hash=sha256:50187695423ffe49e2deacb8cd10510bc361faac997de9efef88badc3bb9e2d1 \
    --hash=sha256:5ac9328ec4831237bec75defaf839f7d4564be1e6b25ac710bd1a96321cc8317 \
    --hash=sha256:5d225db5a45f21e78dd9358e58a98702a0302f2659a3c6cd320564b75b86f47c \
    --hash=sha256:6395c297d42274772abc367baaa79683958044e5d3835486c16da75d2a694631 \
    --hash=sha256:688ba32a1cffef67fd2e9398a2efebaea461578b0923624778664cc1c914db5d \
    --hash=sha256:68ccc6023a3400877818152ad9a1033e3db8625d899c72eacb5a668902e4d652 \
    --hash=sha256:70b189594dbe54f75ab3a1acec5f1e3faa7e8cf2f1e08d9b561cb41b845f69d5 \
    --hash=sha256:797b4f722ffa07cc8d62053e4cff1486fa6dc094105d13fea7b1de7d8bf71c9e \
    --hash=sha256:7c36280e6fb8385e520936c3cb3b8042851904eba0e58d277dca80a5cfed590b \
    --hash=sha256:7e7401d0de89a9a855c839bc697c079a4af81cf878373abd7dc625847d25cbd8 \
    --hash=sha256:80bab7bfc629882493af4aa31a4cfa43a4c57c83813253626916b8c7ada83476 \
    --hash=sha256:82d09873e40955485746739bcb8b4586983670466c23382c19cffecbf1fd8706 \
    --hash=sha256:8388ee1976c416731879ac16da0aff3f63b286ffdd57cdeb95f3f2e085687563 \
    --hash=sha256:8824b5a04a04a047e72eea5cec3bc266db09e35de6bdfe34c9436ac5ee27d237 \
    --hash=sha256:8b9c7197f7cb2738065c481a0461e50ad02f18c78cd75775628afb4d7137fb3b \
    --hash=sha256:9056c1ecd25795207ad294bcf39f2db3d845767be0ea6e6a34d856f006006083 \
    --hash=sha256:936d68689298c36b53b29f23c6dbb74de12b4ac12ca6cfe0e047bedceea56180 \
    --hash=sha256:9b22676e8097e9e22e36d6b7bda33190d0d400f345f23d4065d48f4ca7ae0425 \
    --hash=sha256:a4d3091415f010369ae4ed1fc6b79def9416358877534caf6a0fdd2146c87a3e \
    --hash=sha256:a8786accb172bd8afb8be14490a16625cbc387036876ab6ba70912730faf8e1f \
    --hash=sha256:a9f8c2e67970f13b16084e04f134610fd1d374bf477b17ec1599185cf611d725 \
    --hash=sha256:bc2fa7c6b47d6bc618dd7fb02ef6fdedb1090ec036abab80d4681424b84c1183 \
    --hash=sha256:c70c95198c015b85feafc136515252a261a84561b7b1d51e3384e0655ddf25ab \
    --hash=sha256:cc1c1159b3d456576af7a3e4d1ba7e6924cb39de8f67111c735f6fc832082774 \
    --hash=sha256:ce826d6ef20b1bc864f0a68340c8b3287705cae2f8b4b1d932177dcc76721725 \
    --hash=sha256:d584d9ec91ad65861cc08d42e834324ef890a082e591037abe114850ff7bbc3e \
    --hash=sha256:d7fded462629cfa4b685c5416b949ebad6cec74af5e2d42905d41e257e0869f5 \
    --hash=sha256:d84a1718ee396f54f3a086ea0a66d8e552b2ab2017ef8b420e92edbc841c352d \
    --hash=sha256:d8e03406cac8513435335dbab54c0d385e4a49e4945d2909a581c83647ca0290 \
    --hash=sha256:e10ce637b18caea04431ce14fabcf5c64a1c61ec9c56b071a4b7ca131ca52d44 \
    --hash=sha256:ec031d5d2feb36d1d1a24380e4db6d43695f3748343d99434e6f5f9156aaa2ed \
    --hash=sha256:ef6107725bd54b262d6dedcc2af448a266975032bc85ef0172c5f059da6325b4 \
    --hash=sha256:efdca5630322a10774e8e98e1af481aad470dd62c3170801852d752aa7a783ba \
    --hash=sha256:f753120cb8181e736c57ef7636e83f31b9c0d1722c516f7e86cf15b7aa57ff12 \
    --hash=sha256:ff3824dc5261f50c9b0dfb3be22b4567a6f938ccce4587b38952d85fd9e9afe4
    # via -r tools/ocr-export/requirements.in
sympy==1.14.0 \
    --hash=sha256:d3d3fe8df1e5a0b42f0e7bdf50541697dbe7d23746e894990c030e2b05e72517 \
    --hash=sha256:e091cc3e99d2141a0ba2847328f5479b05d94a6635cb96148ccb3f34671bd8f5
    # via onnxruntime
typing-extensions==4.16.0 \
    --hash=sha256:481caa481374e813c1b176ada14e97f1f67a4539ce9cfeb3f350d78d6370c2e8 \
    --hash=sha256:dc983d19a509c94dba722ee6abd33940f7c05a89e243c47e907eb4db6f1a43e5
    # via
    #   anyio
    #   paddlepaddle
